
Microsoft Visual Studio Solution File, Format Version 12.00
# Visual Studio Version 16
VisualStudioVersion = 16.0.32630.194
MinimumVisualStudioVersion = 10.0.40219.1
Project("{9A19103F-16F7-4668-BE54-9A1E7A4F7556}") = "BettingAPI", "BettingAPI.csproj", "{046E4B3A-CEA3-4F77-BDCA-44746CE0DFD6}"
EndProject
Project("{2150E333-8FDC-42A3-9474-1A3956D46DE8}") = "1 - Presentation", "1 - Presentation", "{8C7BC44A-AFBD-4575-BE57-734C935DEBBE}"
EndProject
Project("{2150E333-8FDC-42A3-9474-1A3956D46DE8}") = "2 - Domain", "2 - Domain", "{4328F34F-972D-4BC7-9FEB-23EE081C4D1C}"
EndProject
Project("{2150E333-8FDC-42A3-9474-1A3956D46DE8}") = "3 - Infrastructure", "3 - Infrastructure", "{2CB85A62-F575-4404-A659-AF981ACBD1AC}"
EndProject
Project("{2150E333-8FDC-42A3-9474-1A3956D46DE8}") = "4 - Crosscutting", "4 - Crosscutting", "{4FD11653-F005-4F59-8F1B-35E3E3418B36}"
EndProject
Project("{2150E333-8FDC-42A3-9474-1A3956D46DE8}") = "5 - Tests", "5 - Tests", "{2326D197-A50A-467C-928A-5651A2065318}"
EndProject
Project("{9A19103F-16F7-4668-BE54-9A1E7A4F7556}") = "BettingAPI.Domain", "..\..\..\..\source\repos\BettingAPI.Domain\BettingAPI.Domain.csproj", "{05A2C993-DCF2-4B36-9345-1EDE0C07565A}"
EndProject
Project("{9A19103F-16F7-4668-BE54-9A1E7A4F7556}") = "BettingAPI.Infrastructure.Service", "..\..\..\..\source\repos\BettingAPI.Infrastructure.Service\BettingAPI.Infrastructure.Service.csproj", "{D4E3E3DB-AFBB-4EA1-A8AA-1C6FFAF00B17}"
EndProject
Project("{FAE04EC0-301F-11D3-BF4B-00C04F79EFBC}") = "BettingAPI.Infrastructure.Data.Query", "..\BettingAPI.Infrastructure.Data.Query\BettingAPI.Infrastructure.Data.Query.csproj", "{DDC741BC-F97E-457A-BFFF-DA363FD4E202}"
EndProject
Global
	GlobalSection(SolutionConfigurationPlatforms) = preSolution
		Debug|Any CPU = Debug|Any CPU
		Release|Any CPU = Release|Any CPU
	EndGlobalSection
	GlobalSection(ProjectConfigurationPlatforms) = postSolution
		{046E4B3A-CEA3-4F77-BDCA-44746CE0DFD6}.Debug|Any CPU.ActiveCfg = Debug|Any CPU
		{046E4B3A-CEA3-4F77-BDCA-44746CE0DFD6}.Debug|Any CPU.Build.0 = Debug|Any CPU
		{046E4B3A-CEA3-4F77-BDCA-44746CE0DFD6}.Release|Any CPU.ActiveCfg = Release|Any CPU
		{046E4B3A-CEA3-4F77-BDCA-44746CE0DFD6}.Release|Any CPU.Build.0 = Release|Any CPU
		{05A2C993-DCF2-4B36-9345-1EDE0C07565A}.Debug|Any CPU.ActiveCfg = Debug|Any CPU
		{05A2C993-DCF2-4B36-9345-1EDE0C07565A}.Debug|Any CPU.Build.0 = Debug|Any CPU
		{05A2C993-DCF2-4B36-9345-1EDE0C07565A}.Release|Any CPU.ActiveCfg = Release|Any CPU
		{05A2C993-DCF2-4B36-9345-1EDE0C07565A}.Release|Any CPU.Build.0 = Release|Any CPU
		{D4E3E3DB-AFBB-4EA1-A8AA-1C6FFAF00B17}.Debug|Any CPU.ActiveCfg = Debug|Any CPU
		{D4E3E3DB-AFBB-4EA1-A8AA-1C6FFAF00B17}.Debug|Any CPU.Build.0 = Debug|Any CPU
		{D4E3E3DB-AFBB-4EA1-A8AA-1C6FFAF00B17}.Release|Any CPU.ActiveCfg = Release|Any CPU
		{D4E3E3DB-AFBB-4EA1-A8AA-1C6FFAF00B17}.Release|Any CPU.Build.0 = Release|Any CPU
		{DDC741BC-F97E-457A-BFFF-DA363FD4E202}.Debug|Any CPU.ActiveCfg = Debug|Any CPU
		{DDC741BC-F97E-457A-BFFF-DA363FD4E202}.Debug|Any CPU.Build.0 = Debug|Any CPU
		{DDC741BC-F97E-457A-BFFF-DA363FD4E202}.Release|Any CPU.ActiveCfg = Release|Any CPU
		{DDC741BC-F97E-457A-BFFF-DA363FD4E202}.Release|Any CPU.Build.0 = Release|Any CPU
	EndGlobalSection
	GlobalSection(SolutionProperties) = preSolution
		HideSolutionNode = FALSE
	EndGlobalSection
	GlobalSection(NestedProjects) = preSolution
		{046E4B3A-CEA3-4F77-BDCA-44746CE0DFD6} = {8C7BC44A-AFBD-4575-BE57-734C935DEBBE}
		{05A2C993-DCF2-4B36-9345-1EDE0C07565A} = {4328F34F-972D-4BC7-9FEB-23EE081C4D1C}
		{D4E3E3DB-AFBB-4EA1-A8AA-1C6FFAF00B17} = {2CB85A62-F575-4404-A659-AF981ACBD1AC}
		{DDC741BC-F97E-457A-BFFF-DA363FD4E202} = {2CB85A62-F575-4404-A659-AF981ACBD1AC}
	EndGlobalSection
	GlobalSection(ExtensibilityGlobals) = postSolution
		SolutionGuid = {17C3A28F-CDD3-4835-9473-3D62D6A023D2}
	EndGlobalSection
EndGlobal
